// !$*UTF8*$!
{
	archiveVersion = 1;
	classes = {
	};
	objectVersion = 46;
	objects = {

/* Begin PBXBuildFile section */
		C52B21491ADF06B0002ADB29 /* main.m in Sources */ = {isa = PBXBuildFile; fileRef = C52B21481ADF06B0002ADB29 /* main.m */; };
		C52B214C1ADF06B0002ADB29 /* AppDelegate.m in Sources */ = {isa = PBXBuildFile; fileRef = C52B214B1ADF06B0002ADB29 /* AppDelegate.m */; };
		C52B214F1ADF06B0002ADB29 /* ViewController.m in Sources */ = {isa = PBXBuildFile; fileRef = C52B214E1ADF06B0002ADB29 /* ViewController.m */; };
		C52B21521ADF06B0002ADB29 /* Main.storyboard in Resources */ = {isa = PBXBuildFile; fileRef = C52B21501ADF06B0002ADB29 /* Main.storyboard */; };
		C52B21541ADF06B0002ADB29 /* Images.xcassets in Resources */ = {isa = PBXBuildFile; fileRef = C52B21531ADF06B0002ADB29 /* Images.xcassets */; };
		C52B21571ADF06B0002ADB29 /* LaunchScreen.xib in Resources */ = {isa = PBXBuildFile; fileRef = C52B21551ADF06B0002ADB29 /* LaunchScreen.xib */; };
		C52B21861ADF071D002ADB29 /* TSLabel.m in Sources */ = {isa = PBXBuildFile; fileRef = C52B21851ADF071D002ADB29 /* TSLabel.m */; };
		C52B21881ADF119A002ADB29 /* README.md in Sources */ = {isa = PBXBuildFile; fileRef = C52B21871ADF119A002ADB29 /* README.md */; };
/* End PBXBuildFile section */

/* Begin PBXFileReference section */
		C52B21431ADF06B0002ADB29 /* TSLabelDemo.app */ = {isa = PBXFileReference; explicitFileType = wrapper.application; includeInIndex = 0; path = TSLabelDemo.app; sourceTree = BUILT_PRODUCTS_DIR; };
		C52B21471ADF06B0002ADB29 /* Info.plist */ = {isa = PBXFileReference; lastKnownFileType = text.plist.xml; path = Info.plist; sourceTree = "<group>"; };
		C52B21481ADF06B0002ADB29 /* main.m */ = {isa = PBXFileReference; lastKnownFileType = sourcecode.c.objc; path = main.m; sourceTree = "<group>"; };
		C52B214A1ADF06B0002ADB29 /* AppDelegate.h */ = {isa = PBXFileReference; lastKnownFileType = sourcecode.c.h; path = AppDelegate.h; sourceTree = "<group>"; };
		C52B214B1ADF06B0002ADB29 /* AppDelegate.m */ = {isa = PBXFileReference; lastKnownFileType = sourcecode.c.objc; path = AppDelegate.m; sourceTree = "<group>"; };
		C52B214D1ADF06B0002ADB29 /* ViewController.h */ = {isa = PBXFileReference; lastKnownFileType = sourcecode.c.h; path = ViewController.h; sourceTree = "<group>"; };
		C52B214E1ADF06B0002ADB29 /* ViewController.m */ = {isa = PBXFileReference; lastKnownFileType = sourcecode.c.objc; path = ViewController.m; sourceTree = "<group>"; };
		C52B21511ADF06B0002ADB29 /* Base */ = {isa = PBXFileReference; lastKnownFileType = file.storyboard; name = Base; path = Base.lproj/Main.storyboard; sourceTree = "<group>"; };
		C52B21531ADF06B0002ADB29 /* Images.xcassets */ = {isa = PBXFileReference; lastKnownFileType = folder.assetcatalog; path = Images.xcassets; sourceTree = "<group>"; };
		C52B21561ADF06B0002ADB29 /* Base */ = {isa = PBXFileReference; lastKnownFileType = file.xib; name = Base; path = Base.lproj/LaunchScreen.xib; sourceTree = "<group>"; };
		C52B21841ADF071D002ADB29 /* TSLabel.h */ = {isa = PBXFileReference; fileEncoding = 4; lastKnownFileType = sourcecode.c.h; path = TSLabel.h; sourceTree = "<group>"; };
		C52B21851ADF071D002ADB29 /* TSLabel.m */ = {isa = PBXFileReference; fileEncoding = 4; lastKnownFileType = sourcecode.c.objc; path = TSLabel.m; sourceTree = "<group>"; };
		C52B21871ADF119A002ADB29 /* README.md */ = {isa = PBXFileReference; fileEncoding = 4; lastKnownFileType = net.daringfireball.markdown; path = README.md; sourceTree = "<group>"; };
/* End PBXFileReference section */

/* Begin PBXFrameworksBuildPhase section */
		C52B21401ADF06B0002ADB29 /* Frameworks */ = {
			isa = PBXFrameworksBuildPhase;
			buildActionMask = 2147483647;
			files = (
			);
			runOnlyForDeploymentPostprocessing = 0;
		};
/* End PBXFrameworksBuildPhase section */

/* Begin PBXGroup section */
		C52B213A1ADF06B0002ADB29 = {
			isa = PBXGroup;
			children = (
				C52B21871ADF119A002ADB29 /* README.md */,
				C52B21451ADF06B0002ADB29 /* TSLabelDemo */,
				C52B21831ADF071D002ADB29 /* TSLabel */,
				C52B21441ADF06B0002ADB29 /* Products */,
			);
			sourceTree = "<group>";
		};
		C52B21441ADF06B0002ADB29 /* Products */ = {
			isa = PBXGroup;
			children = (
				C52B21431ADF06B0002ADB29 /* TSLabelDemo.app */,
			);
			name = Products;
			sourceTree = "<group>";
		};
		C52B21451ADF06B0002ADB29 /* TSLabelDemo */ = {
			isa = PBXGroup;
			children = (
				C52B214A1ADF06B0002ADB29 /* AppDelegate.h */,
				C52B214B1ADF06B0002ADB29 /* AppDelegate.m */,
				C52B214D1ADF06B0002ADB29 /* ViewController.h */,
				C52B214E1ADF06B0002ADB29 /* ViewController.m */,
				C52B21501ADF06B0002ADB29 /* Main.storyboard */,
				C52B21531ADF06B0002ADB29 /* Images.xcassets */,
				C52B21551ADF06B0002ADB29 /* LaunchScreen.xib */,
				C52B21461ADF06B0002ADB29 /* Supporting Files */,
			);
			path = TSLabelDemo;
			sourceTree = "<group>";
		};
		C52B21461ADF06B0002ADB29 /* Supporting Files */ = {
			isa = PBXGroup;
			children = (
				C52B21471ADF06B0002ADB29 /* Info.plist */,
				C52B21481ADF06B0002ADB29 /* main.m */,
			);
			name = "Supporting Files";
			sourceTree = "<group>";
		};
		C52B21831ADF071D002ADB29 /* TSLabel */ = {
			isa = PBXGroup;
			children = (
				C52B21841ADF071D002ADB29 /* TSLabel.h */,
				C52B21851ADF071D002ADB29 /* TSLabel.m */,
			);
			path = TSLabel;
			sourceTree = "<group>";
		};
/* End PBXGroup section */

/* Begin PBXNativeTarget section */
		C52B21421ADF06B0002ADB29 /* TSLabelDemo */ = {
			isa = PBXNativeTarget;
			buildConfigurationList = C52B21661ADF06B0002ADB29 /* Build configuration list for PBXNativeTarget "TSLabelDemo" */;
			buildPhases = (
				C52B213F1ADF06B0002ADB29 /* Sources */,
				C52B21401ADF06B0002ADB29 /* Frameworks */,
				C52B21411ADF06B0002ADB29 /* Resources */,
			);
			buildRules = (
			);
			dependencies = (
			);
			name = TSLabelDemo;
			productName = TSLabelDemo;
			productReference = C52B21431ADF06B0002ADB29 /* TSLabelDemo.app */;
			productType = "com.apple.product-type.application";
		};
/* End PBXNativeTarget section */

/* Begin PBXProject section */
		C52B213B1ADF06B0002ADB29 /* Project object */ = {
			isa = PBXProject;
			attributes = {
				LastUpgradeCheck = 0620;
				ORGANIZATIONNAME = "CoDeveloper LLC";
				TargetAttributes = {
					C52B21421ADF06B0002ADB29 = {
						CreatedOnToolsVersion = 6.2;
					};
				};
			};
			buildConfigurationList = C52B213E1ADF06B0002ADB29 /* Build configuration list for PBXProject "TSLabelDemo" */;
			compatibilityVersion = "Xcode 3.2";
			developmentRegion = English;
			hasScannedForEncodings = 0;
			knownRegions = (
				en,
				Base,
			);
			mainGroup = C52B213A1ADF06B0002ADB29;
			productRefGroup = C52B21441ADF06B0002ADB29 /* Products */;
			projectDirPath = "";
			projectRoot = "";
			targets = (
				C52B21421ADF06B0002ADB29 /* TSLabelDemo */,
			);
		};
/* End PBXProject section */

/* Begin PBXResourcesBuildPhase section */
		C52B21411ADF06B0002ADB29 /* Resources */ = {
			isa = PBXResourcesBuildPhase;
			buildActionMask = 2147483647;
			files = (
				C52B21521ADF06B0002ADB29 /* Main.storyboard in Resources */,
				C52B21571ADF06B0002ADB29 /* LaunchScreen.xib in Resources */,
				C52B21541ADF06B0002ADB29 /* Images.xcassets in Resources */,
			);
			runOnlyForDeploymentPostprocessing = 0;
		};
/* End PBXResourcesBuildPhase section */

/* Begin PBXSourcesBuildPhase section */
		C52B213F1ADF06B0002ADB29 /* Sources */ = {
			isa = PBXSourcesBuildPhase;
			buildActionMask = 2147483647;
			files = (
				C52B214F1ADF06B0002ADB29 /* ViewController.m in Sources */,
				C52B214C1ADF06B0002ADB29 /* AppDelegate.m in Sources */,
				C52B21881ADF119A002ADB29 /* README.md in Sources */,
				C52B21491ADF06B0002ADB29 /* main.m in Sources */,
				C52B21861ADF071D002ADB29 /* TSLabel.m in Sources */,
			);
			runOnlyForDeploymentPostprocessing = 0;
		};
/* End PBXSourcesBuildPhase section */

/* Begin PBXVariantGroup section */
		C52B21501ADF06B0002ADB29 /* Main.storyboard */ = {
			isa = PBXVariantGroup;
			children = (
				C52B21511ADF06B0002ADB29 /* Base */,
			);
			name = Main.storyboard;
			sourceTree = "<group>";
		};
		C52B21551ADF06B0002ADB29 /* LaunchScreen.xib */ = {
			isa = PBXVariantGroup;
			children = (
				C52B21561ADF06B0002ADB29 /* Base */,
			);
			name = LaunchScreen.xib;
			sourceTree = "<group>";
		};
/* End PBXVariantGroup section */

/* Begin XCBuildConfiguration section */
		C52B21641ADF06B0002ADB29 /* Debug */ = {
			isa = XCBuildConfiguration;
			buildSettings = {
				ALWAYS_SEARCH_USER_PATHS = NO;
				CLANG_CXX_LANGUAGE_STANDARD = "gnu++0x";
				CLANG_CXX_LIBRARY = "libc++";
				CLANG_ENABLE_MODULES = YES;
				CLANG_ENABLE_OBJC_ARC = YES;
				CLANG_WARN_BOOL_CONVERSION = YES;
				CLANG_WARN_CONSTANT_CONVERSION = YES;
				CLANG_WARN_DIRECT_OBJC_ISA_USAGE = YES_ERROR;
				CLANG_WARN_EMPTY_BODY = YES;
				CLANG_WARN_ENUM_CONVERSION = YES;
				CLANG_WARN_INT_CONVERSION = YES;
				CLANG_WARN_OBJC_ROOT_CLASS = YES_ERROR;
				CLANG_WARN_UNREACHABLE_CODE = YES;
				CLANG_WARN__DUPLICATE_METHOD_MATCH = YES;
				"CODE_SIGN_IDENTITY[sdk=iphoneos*]" = "iPhone Developer";
				COPY_PHASE_STRIP = NO;
				ENABLE_STRICT_OBJC_MSGSEND = YES;
				GCC_C_LANGUAGE_STANDARD = gnu99;
				GCC_DYNAMIC_NO_PIC = NO;
				GCC_OPTIMIZATION_LEVEL = 0;
				GCC_PREPROCESSOR_DEFINITIONS = (
					"DEBUG=1",
					"$(inherited)",
				);
				GCC_SYMBOLS_PRIVATE_EXTERN = NO;
				GCC_WARN_64_TO_32_BIT_CONVERSION = YES;
				GCC_WARN_ABOUT_RETURN_TYPE = YES_ERROR;
				GCC_WARN_UNDECLARED_SELECTOR = YES;
				GCC_WARN_UNINITIALIZED_AUTOS = YES_AGGRESSIVE;
				GCC_WARN_UNUSED_FUNCTION = YES;
				GCC_WARN_UNUSED_VARIABLE = YES;
				IPHONEOS_DEPLOYMENT_TARGET = 8.2;
				MTL_ENABLE_DEBUG_INFO = YES;
				ONLY_ACTIVE_ARCH = YES;
				SDKROOT = iphoneos;
			};
			name = Debug;
		};
		C52B21651ADF06B0002ADB29 /* Release */ = {
			isa = XCBuildConfiguration;
			buildSettings = {
				ALWAYS_SEARCH_USER_PATHS = NO;
				CLANG_CXX_LANGUAGE_STANDARD = "gnu++0x";
				CLANG_CXX_LIBRARY = "libc++";
				CLANG_ENABLE_MODULES = YES;
				CLANG_ENABLE_OBJC_ARC = YES;
				CLANG_WARN_BOOL_CONVERSION = YES;
				CLANG_WARN_CONSTANT_CONVERSION = YES;
				CLANG_WARN_DIRECT_OBJC_ISA_USAGE = YES_ERROR;
				CLANG_WARN_EMPTY_BODY = YES;
				CLANG_WARN_ENUM_CONVERSION = YES;
				CLANG_WARN_INT_CONVERSION = YES;
				CLANG_WARN_OBJC_ROOT_CLASS = YES_ERROR;
				CLANG_WARN_UNREACHABLE_CODE = YES;
				CLANG_WARN__DUPLICATE_METHOD_MATCH = YES;
				"CODE_SIGN_IDENTITY[sdk=iphoneos*]" = "iPhone Developer";
				COPY_PHASE_STRIP = NO;
				ENABLE_NS_ASSERTIONS = NO;
				ENABLE_STRICT_OBJC_MSGSEND = YES;
				GCC_C_LANGUAGE_STANDARD = gnu99;
				GCC_WARN_64_TO_32_BIT_CONVERSION = YES;
				GCC_WARN_ABOUT_RETURN_TYPE = YES_ERROR;
				GCC_WARN_UNDECLARED_SELECTOR = YES;
				GCC_WARN_UNINITIALIZED_AUTOS = YES_AGGRESSIVE;
				GCC_WARN_UNUSED_FUNCTION = YES;
				GCC_WARN_UNUSED_VARIABLE = YES;
				IPHONEOS_DEPLOYMENT_TARGET = 8.2;
				MTL_ENABLE_DEBUG_INFO = NO;
				SDKROOT = iphoneos;
				VALIDATE_PRODUCT = YES;
			};
			name = Release;
		};
		C52B21671ADF06B0002ADB29 /* Debug */ = {
			isa = XCBuildConfiguration;
			buildSettings = {
				ASSETCATALOG_COMPILER_APPICON_NAME = AppIcon;
				INFOPLIST_FILE = TSLabelDemo/Info.plist;
				LD_RUNPATH_SEARCH_PATHS = "$(inherited) @executable_path/Frameworks";
				PRODUCT_NAME = "$(TARGET_NAME)";
			};
			name = Debug;
		};
		C52B21681ADF06B0002ADB29 /* Release */ = {
			isa = XCBuildConfiguration;
			buildSettings = {
				ASSETCATALOG_COMPILER_APPICON_NAME = AppIcon;
				INFOPLIST_FILE = TSLabelDemo/Info.plist;
				LD_RUNPATH_SEARCH_PATHS = "$(inherited) @executable_path/Frameworks";
				PRODUCT_NAME = "$(TARGET_NAME)";
			};
			name = Release;
		};
/* End XCBuildConfiguration section */

/* Begin XCConfigurationList section */
		C52B213E1ADF06B0002ADB29 /* Build configuration list for PBXProject "TSLabelDemo" */ = {
			isa = XCConfigurationList;
			buildConfigurations = (
				C52B21641ADF06B0002ADB29 /* Debug */,
				C52B21651ADF06B0002ADB29 /* Release */,
			);
			defaultConfigurationIsVisible = 0;
			defaultConfigurationName = Release;
		};
		C52B21661ADF06B0002ADB29 /* Build configuration list for PBXNativeTarget "TSLabelDemo" */ = {
			isa = XCConfigurationList;
			buildConfigurations = (
				C52B21671ADF06B0002ADB29 /* Debug */,
				C52B21681ADF06B0002ADB29 /* Release */,
			);
			defaultConfigurationIsVisible = 0;
			defaultConfigurationName = Release;
		};
/* End XCConfigurationList section */
	};
	rootObject = C52B213B1ADF06B0002ADB29 /* Project object */;
}
